# Code generated by scarb DO NOT EDIT.
version = 1

[[package]]
name = "sc_trust_pay"
version = "0.1.0"
dependencies = [
 "snforge_std",
 "snforge_std_deprecated",
]

[[package]]
name = "snforge_scarb_plugin"
version = "0.33.2"
source = "registry+https://scarbs.xyz/"
checksum = "sha256:9cf5313f5ec3b594b5bfbbf99b20f1f95dc2220cf68674e1732b6d7e45e37457"

[[package]]
name = "snforge_scarb_plugin_deprecated"
version = "0.48.1"
source = "registry+https://scarbs.xyz/"
checksum = "sha256:8b822345a82a4479cfbf8e605a4cd25c0a622585fd5640c4add524c5da5a8b55"

[[package]]
name = "snforge_std"
version = "0.33.2"
source = "registry+https://scarbs.xyz/"
checksum = "sha256:9b91300b0464f77ad701c982c005a903d0ca411c0e2e631e5cc08666485a902f"
dependencies = [
 "snforge_scarb_plugin",
]

[[package]]
name = "snforge_std_deprecated"
version = "0.48.1"
source = "registry+https://scarbs.xyz/"
checksum = "sha256:da9e4a8bbf8ba5f85e91e4b37a967b10eca0cb377a505eb7a8f37d0df721a874"
dependencies = [
 "snforge_scarb_plugin_deprecated",
]
